
Microsoft Visual Studio Solution File, Format Version 12.00
# Visual Studio Version 16
VisualStudioVersion = 16.0.31729.503
MinimumVisualStudioVersion = 10.0.40219.1
Project("{9A19103F-16F7-4668-BE54-9A1E7A4F7556}") = "Site_UniHotel-BackEnd", "Site_UniHotel-BackEnd.csproj", "{DE03AB03-A659-4BA6-A0E5-8BF12CA95F4B}"
EndProject
Global
	GlobalSection(SolutionConfigurationPlatforms) = preSolution
		Debug|Any CPU = Debug|Any CPU
		Release|Any CPU = Release|Any CPU
	EndGlobalSection
	GlobalSection(ProjectConfigurationPlatforms) = postSolution
		{DE03AB03-A659-4BA6-A0E5-8BF12CA95F4B}.Debug|Any CPU.ActiveCfg = Debug|Any CPU
		{DE03AB03-A659-4BA6-A0E5-8BF12CA95F4B}.Debug|Any CPU.Build.0 = Debug|Any CPU
		{DE03AB03-A659-4BA6-A0E5-8BF12CA95F4B}.Release|Any CPU.ActiveCfg = Release|Any CPU
		{DE03AB03-A659-4BA6-A0E5-8BF12CA95F4B}.Release|Any CPU.Build.0 = Release|Any CPU
	EndGlobalSection
	GlobalSection(SolutionProperties) = preSolution
		HideSolutionNode = FALSE
	EndGlobalSection
	GlobalSection(ExtensibilityGlobals) = postSolution
		SolutionGuid = {5D9220D2-F8DE-4E5E-B33E-84BF7AEC107F}
	EndGlobalSection
EndGlobal
